
Microsoft Visual Studio Solution File, Format Version 12.00
# Visual Studio Version 17
VisualStudioVersion = 17.6.33815.320
MinimumVisualStudioVersion = 10.0.40219.1
Project("{FAE04EC0-301F-11D3-BF4B-00C04F79EFBC}") = "sonTOPISH", "sonTOPISH.csproj", "{9DAB5676-3339-493D-9C1C-4D67BCBFC984}"
EndProject
Global
	GlobalSection(SolutionConfigurationPlatforms) = preSolution
		Debug|Any CPU = Debug|Any CPU
		Release|Any CPU = Release|Any CPU
	EndGlobalSection
	GlobalSection(ProjectConfigurationPlatforms) = postSolution
		{9DAB5676-3339-493D-9C1C-4D67BCBFC984}.Debug|Any CPU.ActiveCfg = Debug|Any CPU
		{9DAB5676-3339-493D-9C1C-4D67BCBFC984}.Debug|Any CPU.Build.0 = Debug|Any CPU
		{9DAB5676-3339-493D-9C1C-4D67BCBFC984}.Release|Any CPU.ActiveCfg = Release|Any CPU
		{9DAB5676-3339-493D-9C1C-4D67BCBFC984}.Release|Any CPU.Build.0 = Release|Any CPU
	EndGlobalSection
	GlobalSection(SolutionProperties) = preSolution
		HideSolutionNode = FALSE
	EndGlobalSection
	GlobalSection(ExtensibilityGlobals) = postSolution
		SolutionGuid = {BE7AD9F4-1AFB-471B-ACFD-373E45CBB147}
	EndGlobalSection
EndGlobal
